
Microsoft Visual Studio Solution File, Format Version 12.00
# Visual Studio Version 17
VisualStudioVersion = 17.7.34221.43
MinimumVisualStudioVersion = 10.0.40219.1
Project("{2150E333-8FDC-42A3-9474-1A3956D46DE8}") = "src", "src", "{9EA733B5-3515-49DB-ABCA-B5401FF054BC}"
EndProject
Project("{2150E333-8FDC-42A3-9474-1A3956D46DE8}") = "test", "test", "{1CA59718-3186-4C44-87EE-FD2EE23C8553}"
EndProject
Project("{9A19103F-16F7-4668-BE54-9A1E7A4F7556}") = "Bookify.Domain", "Bookify.Domain\Bookify.Domain.csproj", "{38948DF5-8747-4E0A-9E9F-8FFC1A2CFF7F}"
EndProject
Project("{9A19103F-16F7-4668-BE54-9A1E7A4F7556}") = "Bookify.Application", "Bookify.Application\Bookify.Application.csproj", "{90BA5A8F-8583-4308-ACDE-22F23BC25C06}"
EndProject
Project("{9A19103F-16F7-4668-BE54-9A1E7A4F7556}") = "Bookify.Infrastructure", "Bookify.Infrastructure\Bookify.Infrastructure.csproj", "{C1362D86-EFCD-4807-89C4-9B226F5953B9}"
EndProject
Project("{9A19103F-16F7-4668-BE54-9A1E7A4F7556}") = "Bookify.Api", "Bookify.Api\Bookify.Api.csproj", "{A2898133-8ECD-46EC-BA2D-ED166CE1A483}"
EndProject
Project("{E53339B2-1760-4266-BCC7-CA923CBCF16C}") = "docker-compose", "docker-compose.dcproj", "{A08ED8D7-19FA-43A2-B46C-7345D3F025F8}"
EndProject
Project("{2150E333-8FDC-42A3-9474-1A3956D46DE8}") = ".files", ".files", "{E6005D44-25B8-4D55-9130-1290D6331CBF}"
	ProjectSection(SolutionItems) = preProject
		bookify-realm-export.json = bookify-realm-export.json
	EndProjectSection
EndProject
Project("{FAE04EC0-301F-11D3-BF4B-00C04F79EFBC}") = "Bookify.Domain.UnitTests", "..\Bookify.Domain.UnitTests\Bookify.Domain.UnitTests.csproj", "{8BB88E99-D05F-477C-8388-978A2E160EDC}"
EndProject
Project("{FAE04EC0-301F-11D3-BF4B-00C04F79EFBC}") = "Bookify.Application.UnitTests", "..\Bookify.Application.UnitTests\Bookify.Application.UnitTests.csproj", "{317E1788-0038-4176-8474-940D74E2D9A4}"
EndProject
Project("{FAE04EC0-301F-11D3-BF4B-00C04F79EFBC}") = "Bookify.Application.IntegrationTests", "..\Bookify.Application.IntegrationTests\Bookify.Application.IntegrationTests.csproj", "{10412E94-4BD3-4F76-AE79-33459012ADDA}"
EndProject
Project("{FAE04EC0-301F-11D3-BF4B-00C04F79EFBC}") = "Bookify.Api.FunctionalTests", "..\Bookify.Api.FunctionalTests\Bookify.Api.FunctionalTests.csproj", "{6586B630-56A7-4136-B14C-F2F373906DAE}"
EndProject
Global
	GlobalSection(SolutionConfigurationPlatforms) = preSolution
		Debug|Any CPU = Debug|Any CPU
		Release|Any CPU = Release|Any CPU
	EndGlobalSection
	GlobalSection(ProjectConfigurationPlatforms) = postSolution
		{38948DF5-8747-4E0A-9E9F-8FFC1A2CFF7F}.Debug|Any CPU.ActiveCfg = Debug|Any CPU
		{38948DF5-8747-4E0A-9E9F-8FFC1A2CFF7F}.Debug|Any CPU.Build.0 = Debug|Any CPU
		{38948DF5-8747-4E0A-9E9F-8FFC1A2CFF7F}.Release|Any CPU.ActiveCfg = Release|Any CPU
		{38948DF5-8747-4E0A-9E9F-8FFC1A2CFF7F}.Release|Any CPU.Build.0 = Release|Any CPU
		{90BA5A8F-8583-4308-ACDE-22F23BC25C06}.Debug|Any CPU.ActiveCfg = Debug|Any CPU
		{90BA5A8F-8583-4308-ACDE-22F23BC25C06}.Debug|Any CPU.Build.0 = Debug|Any CPU
		{90BA5A8F-8583-4308-ACDE-22F23BC25C06}.Release|Any CPU.ActiveCfg = Release|Any CPU
		{90BA5A8F-8583-4308-ACDE-22F23BC25C06}.Release|Any CPU.Build.0 = Release|Any CPU
		{C1362D86-EFCD-4807-89C4-9B226F5953B9}.Debug|Any CPU.ActiveCfg = Debug|Any CPU
		{C1362D86-EFCD-4807-89C4-9B226F5953B9}.Debug|Any CPU.Build.0 = Debug|Any CPU
		{C1362D86-EFCD-4807-89C4-9B226F5953B9}.Release|Any CPU.ActiveCfg = Release|Any CPU
		{C1362D86-EFCD-4807-89C4-9B226F5953B9}.Release|Any CPU.Build.0 = Release|Any CPU
		{A2898133-8ECD-46EC-BA2D-ED166CE1A483}.Debug|Any CPU.ActiveCfg = Debug|Any CPU
		{A2898133-8ECD-46EC-BA2D-ED166CE1A483}.Debug|Any CPU.Build.0 = Debug|Any CPU
		{A2898133-8ECD-46EC-BA2D-ED166CE1A483}.Release|Any CPU.ActiveCfg = Release|Any CPU
		{A2898133-8ECD-46EC-BA2D-ED166CE1A483}.Release|Any CPU.Build.0 = Release|Any CPU
		{A08ED8D7-19FA-43A2-B46C-7345D3F025F8}.Debug|Any CPU.ActiveCfg = Debug|Any CPU
		{A08ED8D7-19FA-43A2-B46C-7345D3F025F8}.Debug|Any CPU.Build.0 = Debug|Any CPU
		{A08ED8D7-19FA-43A2-B46C-7345D3F025F8}.Release|Any CPU.ActiveCfg = Release|Any CPU
		{A08ED8D7-19FA-43A2-B46C-7345D3F025F8}.Release|Any CPU.Build.0 = Release|Any CPU
		{8BB88E99-D05F-477C-8388-978A2E160EDC}.Debug|Any CPU.ActiveCfg = Debug|Any CPU
		{8BB88E99-D05F-477C-8388-978A2E160EDC}.Debug|Any CPU.Build.0 = Debug|Any CPU
		{8BB88E99-D05F-477C-8388-978A2E160EDC}.Release|Any CPU.ActiveCfg = Release|Any CPU
		{8BB88E99-D05F-477C-8388-978A2E160EDC}.Release|Any CPU.Build.0 = Release|Any CPU
		{317E1788-0038-4176-8474-940D74E2D9A4}.Debug|Any CPU.ActiveCfg = Debug|Any CPU
		{317E1788-0038-4176-8474-940D74E2D9A4}.Debug|Any CPU.Build.0 = Debug|Any CPU
		{317E1788-0038-4176-8474-940D74E2D9A4}.Release|Any CPU.ActiveCfg = Release|Any CPU
		{317E1788-0038-4176-8474-940D74E2D9A4}.Release|Any CPU.Build.0 = Release|Any CPU
		{10412E94-4BD3-4F76-AE79-33459012ADDA}.Debug|Any CPU.ActiveCfg = Debug|Any CPU
		{10412E94-4BD3-4F76-AE79-33459012ADDA}.Debug|Any CPU.Build.0 = Debug|Any CPU
		{10412E94-4BD3-4F76-AE79-33459012ADDA}.Release|Any CPU.ActiveCfg = Release|Any CPU
		{10412E94-4BD3-4F76-AE79-33459012ADDA}.Release|Any CPU.Build.0 = Release|Any CPU
		{6586B630-56A7-4136-B14C-F2F373906DAE}.Debug|Any CPU.ActiveCfg = Debug|Any CPU
		{6586B630-56A7-4136-B14C-F2F373906DAE}.Debug|Any CPU.Build.0 = Debug|Any CPU
		{6586B630-56A7-4136-B14C-F2F373906DAE}.Release|Any CPU.ActiveCfg = Release|Any CPU
		{6586B630-56A7-4136-B14C-F2F373906DAE}.Release|Any CPU.Build.0 = Release|Any CPU
	EndGlobalSection
	GlobalSection(SolutionProperties) = preSolution
		HideSolutionNode = FALSE
	EndGlobalSection
	GlobalSection(NestedProjects) = preSolution
		{38948DF5-8747-4E0A-9E9F-8FFC1A2CFF7F} = {9EA733B5-3515-49DB-ABCA-B5401FF054BC}
		{90BA5A8F-8583-4308-ACDE-22F23BC25C06} = {9EA733B5-3515-49DB-ABCA-B5401FF054BC}
		{C1362D86-EFCD-4807-89C4-9B226F5953B9} = {9EA733B5-3515-49DB-ABCA-B5401FF054BC}
		{A2898133-8ECD-46EC-BA2D-ED166CE1A483} = {9EA733B5-3515-49DB-ABCA-B5401FF054BC}
		{8BB88E99-D05F-477C-8388-978A2E160EDC} = {1CA59718-3186-4C44-87EE-FD2EE23C8553}
		{317E1788-0038-4176-8474-940D74E2D9A4} = {1CA59718-3186-4C44-87EE-FD2EE23C8553}
		{10412E94-4BD3-4F76-AE79-33459012ADDA} = {1CA59718-3186-4C44-87EE-FD2EE23C8553}
		{6586B630-56A7-4136-B14C-F2F373906DAE} = {1CA59718-3186-4C44-87EE-FD2EE23C8553}
	EndGlobalSection
	GlobalSection(ExtensibilityGlobals) = postSolution
		SolutionGuid = {5F318FDB-73B6-4611-8659-8F4EB84D6620}
	EndGlobalSection
EndGlobal
